github.com/DATA-DOG/go-sqlmock v1.3.3/go.mod h1:f/Ixk793poVmq4qj/V1dPUg2JEAKC73Q5eFN3EC/SaM=
github.com/aws/aws-sdk-go-v2 v1.9.0 h1:+S+dSqQCN3MSU5vJRu1HqHrq00cJn6heIMU7X9hcsoo=
github.com/aws/aws-sdk-go-v2 v1.9.0/go.mod h1:cK/D0BBs0b/oWPIcX/Z/obahJK1TT7IPVjy53i/mX/4=
github.com/aws/aws-sdk-go-v2/config v1.8.1 h1:AcAenV2NVwOViG+3ts73uT08L1olN4NBNNz7lUlHSUo=
github.com/aws/aws-sdk-go-v2/config v1.8.1/go.mod h1:AQtpYfVYjuuft4Dgh0jGSkPQJ9MvmK9vXfSub7oSXlI=
github.com/aws/aws-sdk-go-v2/credentials v1.4.1 h1:oDiUP50hKRwC6xAgESAj46lgL2prJRZQWnCBzn+TU/c=
github.com/aws/aws-sdk-go-v2/credentials v1.4.1/go.mod h1:dgGR+Qq7Wjcd4AOAW5Rf5Tnv3+x7ed6kETXyS9WCuAY=
github.com/aws/aws-sdk-go-v2/feature/ec2/imds v1.5.0 h1:OxTAgH8Y4BXHD6PGCJ8DHx2kaZPCQfSTqmDsdRZFezE=
github.com/aws/aws-sdk-go-v2/feature/ec2/imds v1.5.0/go.mod h1:CpNzHK9VEFUCknu50kkB8z58AH2B5DvPP7ea1LHve/Y=
github.com/aws/aws-sdk-go-v2/internal/ini v1.2.2 h1:d95cddM3yTm4qffj3P6EnP+TzX1SSkWaQypXSgT/hpA=
github.com/aws/aws-sdk-go-v2/internal/ini v1.2.2/go.mod h1:BQV0agm+JEhqR+2RT5e1XTFIDcAAV0eW6z2trp+iduw=
github.com/aws/aws-sdk-go-v2/service/ec2 v1.16.0 h1:ldzPZKVNRgz1kuteSua3m90ypksWIOXeIa6xGpqkxxk=
github.com/aws/aws-sdk-go-v2/service/ec2 v1.16.0/go.mod h1:GtqNN5Z8yibnaxMNDGAgfZ3zY6B5yVH3s0W1Cxx0Z+A=
github.com/aws/aws-sdk-go-v2/service/iam v1.9.0 h1:PkrJTTEtdXtx+SF74QTQ0tPcVS1Vu9hghYfWx0SmBCw=
github.com/aws/aws-sdk-go-v2/service/iam v1.9.0/go.mod h1:aDjZkXLwXAd6Rn1cbiWnkGYBKXUb9fXO8UED20HwCnw=
github.com/aws/aws-sdk-go-v2/service/internal/presigned-url v1.3.0 h1:VNJ5NLBteVXEwE2F1zEXVmyIH58mZ6kIQGJoC7C+vkg=
github.com/aws/aws-sdk-go-v2/service/internal/presigned-url v1.3.0/go.mod h1:R1KK+vY8AfalhG1AOu5e35pOD2SdoPKQCFLTvnxiohk=
github.com/aws/aws-sdk-go-v2/service/sso v1.4.0 h1:sHXMIKYS6YiLPzmKSvDpPmOpJDHxmAUgbiF49YNVztg=
github.com/aws/aws-sdk-go-v2/service/sso v1.4.0/go.mod h1:+1fpWnL96DL23aXPpMGbsmKe8jLTEfbjuQoA4WS1VaA=
github.com/aws/aws-sdk-go-v2/service/sts v1.7.0 h1:1at4e5P+lvHNl2nUktdM2/v+rpICg/QSEr9TO/uW9vU=
github.com/aws/aws-sdk-go-v2/service/sts v1.7.0/go.mod h1:0qcSMCyASQPN2sk/1KQLQ2Fh6yq8wm0HSDAimPhzCoM=
github.com/aws/smithy-go v1.8.0 h1:AEwwwXQZtUwP5Mz506FeXXrKBe0jA8gVM+1gEcSRooc=
github.com/aws/smithy-go v1.8.0/go.mod h1:SObp3lf9smib00L/v3U2eAKG8FyQ7iLrJnQiAmR5n+E=
github.com/davecgh/go-spew v1.1.0/go.mod h1:J7Y8YcW2NihsgmVo/mv3lAwl/skON4iLHjSsI+c5H38=
github.com/davecgh/go-spew v1.1.1 h1:vj9j/u1bqnvCEfJOwUhtlOARqs3+rkHYY13jYWTU97c=
github.com/davecgh/go-spew v1.1.1/go.mod h1:J7Y8YcW2NihsgmVo/mv3lAwl/skON4iLHjSsI+c5H38=
github.com/gdamore/encoding v1.0.0 h1:+7OoQ1Bc6eTm5niUzBa0Ctsh6JbMW6Ra+YNuAtDBdko=
github.com/gdamore/encoding v1.0.0/go.mod h1:alR0ol34c49FCSBLjhosxzcPHQbf2trDkoo5dl+VrEg=
github.com/gdamore/tcell v1.3.0/go.mod h1:Hjvr+Ofd+gLglo7RYKxxnzCBmev3BzsS67MebKS4zMM=
github.com/gdamore/tcell v1.4.0 h1:vUnHwJRvcPQa3tzi+0QI4U9JINXYJlOz9yiaiPQ2wMU=
github.com/gdamore/tcell v1.4.0/go.mod h1:vxEiSDZdW3L+Uhjii9c3375IlDmR05bzxY404ZVSMo0=
github.com/google/go-cmp v0.5.4/go.mod h1:v8dTdLbMG2kIc/vJvl+f65V22dbkXbowE6jgT/gNBxE=
github.com/google/go-cmp v0.5.6 h1:BKbKCqvP6I+rmFHt06ZmyQtvB8xAkWdhFyr0ZUNZcxQ=
github.com/google/go-cmp v0.5.6/go.mod h1:v8dTdLbMG2kIc/vJvl+f65V22dbkXbowE6jgT/gNBxE=
github.com/jmespath/go-jmespath v0.4.0 h1:BEgLn5cpjn8UN1mAw4NjwDrS35OdebyEtFe+9YPoQUg=
github.com/jmespath/go-jmespath v0.4.0/go.mod h1:T8mJZnbsbmF+m6zOOFylbeCJqk5+pHWvzYPziyZiYoo=
github.com/jmespath/go-jmespath/internal/testify v1.5.1 h1:shLQSRRSCCPj3f2gpwzGwWFoC7ycTf1rcQZHOlsJ6N8=
github.com/jmespath/go-jmespath/internal/testify v1.5.1/go.mod h1:L3OGu8Wl2/fWfCI6z80xFu9LTZmf1ZRjMHUOPmWr69U=
github.com/kr/pretty v0.2.0 h1:s5hAObm+yFO5uHYt5dYjxi2rXrsnmRpJx4OYvIWUaQs=
github.com/kr/pretty v0.2.0/go.mod h1:ipq/a2n7PKx3OHsz4KJII5eveXtPO4qwEXGdVfWzfnI=
github.com/kr/pty v1.1.1/go.mod h1:pFQYn66WHrOpPYNljwOMqo10TkYh1fy3cYio2l3bCsQ=
github.com/kr/text v0.1.0 h1:45sCR5RtlFHMR4UwH9sdQ5TC8v0qDQCHnXt+kaKSTVE=
github.com/kr/text v0.1.0/go.mod h1:4Jbv+DJW3UT/LiOwJeYQe1efqtUx/iVham/4vfdArNI=
github.com/lucasb-eyer/go-colorful v1.0.2/go.mod h1:0MS4r+7BZKSJ5mw4/S5MPN+qHFF1fYclkSPilDOKW0s=
github.com/lucasb-eyer/go-colorful v1.0.3 h1:QIbQXiugsb+q10B+MI+7DI1oQLdmnep86tWFlaaUAac=
github.com/lucasb-eyer/go-colorful v1.0.3/go.mod h1:R4dSotOR9KMtayYi1e77YzuveK+i7ruzyGqttikkLy0=
github.com/markdaws/simple-state-machine v0.0.0-20180330211417-a7b249c6862c h1:DYg6R0aGDpCrz/5sKn0x9Taiw94+cfXZHFV6nOnXZ34=
github.com/markdaws/simple-state-machine v0.0.0-20180330211417-a7b249c6862c/go.mod h1:2Trb2iayWfdFwANXtfcGCmMPeU5oSEEKbGhxXsDnvOE=
github.com/mattn/go-runewidth v0.0.4/go.mod h1:LwmH8dsx7+W8Uxz3IHJYH5QSwggIsqBzpuz5H//U1FU=
github.com/mattn/go-runewidth v0.0.7/go.mod h1:H031xJmbD/WCDINGzjvQ9THkh0rPKHF+m2gUSrubnMI=
github.com/mattn/go-runewidth v0.0.9 h1:Lm995f3rfxdpd6TSmuVCHVb/QhupuXlYr8sCI/QdE+0=
github.com/mattn/go-runewidth v0.0.9/go.mod h1:H031xJmbD/WCDINGzjvQ9THkh0rPKHF+m2gUSrubnMI=
github.com/pmezard/go-difflib v1.0.0 h1:4DBwDE0NGyQoBHbLQYPwSUPoCMWR5BEzIk/f1lZbAQM=
github.com/pmezard/go-difflib v1.0.0/go.mod h1:iKH77koFhYxTK1pcRnkKkqfTogsbg7gZNVY4sRDYZ/4=
github.com/rfc2119/simple-state-machine v0.0.0-20200921151301-9684ead3565f h1:fQt9eXsEB7wjUg0Q87i4j5vBktDZAiaRWQOu9KhETDg=
github.com/rfc2119/simple-state-machine v0.0.0-20200921151301-9684ead3565f/go.mod h1:iVxw0PitG1HTQo+zUriP+ZHF4h4N9jg+6GcMDvDi+yE=
github.com/rivo/tview v0.0.0-20200915114512-42866ecf6ca6 h1:LhmHZTzElCYlOXEWXWOQXy/vgjPsdiDb7LzHV8mTKvI=
github.com/rivo/tview v0.0.0-20200915114512-42866ecf6ca6/go.mod h1:xV4Aw4WIX8cmhg71U7MUHBdpIQ7zSEXdRruGHLaEAOc=
github.com/rivo/uniseg v0.1.0 h1:+2KBaVoUmb9XzDsrx/Ct0W/EYOSFf/nWTauy++DprtY=
github.com/rivo/uniseg v0.1.0/go.mod h1:J6wj4VEh+S6ZtnVlnTBMWIodfgj8LQOQFoIToxlJtxc=
github.com/stretchr/objx v0.1.0/go.mod h1:HFkY916IF+rwdDfMAkV7OtwuqBVzrE8GR6GFx+wExME=
github.com/stretchr/testify v1.6.1 h1:hDPOHmpOpP40lSULcqw7IrRb/u7w6RpDC9399XyoNd0=
github.com/stretchr/testify v1.6.1/go.mod h1:6Fq8oRcR53rry900zMqJjRRixrwX3KX962/h/Wwjteg=
golang.org/x/sys v0.0.0-20190626150813-e07cf5db2756/go.mod h1:h1NjWce9XRLGQEsW7wpKNCjG9DtNlClVuFLEZdDNbEs=
golang.org/x/sys v0.0.0-20200817155316-9781c653f443/go.mod h1:h1NjWce9XRLGQEsW7wpKNCjG9DtNlClVuFLEZdDNbEs=
golang.org/x/sys v0.0.0-20210510120138-977fb7262007 h1:gG67DSER+11cZvqIMb8S8bt0vZtiN6xWYARwirrOSfE=
golang.org/x/sys v0.0.0-20210510120138-977fb7262007/go.mod h1:oPkhp1MJrh7nUepCBck5+mAzfO9JrbApNNgaTdGDITg=
golang.org/x/text v0.3.0/go.mod h1:NqM8EUOU14njkJ3fqMW+pc6Ldnwhi/IjpwHt7yyuwOQ=
golang.org/x/text v0.3.2/go.mod h1:bEr9sfX3Q8Zfm5fL9x+3itogRgK3+ptLWKqgva+5dAk=
golang.org/x/text v0.3.6 h1:aRYxNxv6iGQlyVaZmk6ZgYEDa+Jg18DxebPSrd6bg1M=
golang.org/x/text v0.3.6/go.mod h1:5Zoc/QRtKVWzQhOtBMvqHzDpF6irO9z98xDceosuGiQ=
golang.org/x/tools v0.0.0-20180917221912-90fa682c2a6e/go.mod h1:n7NCudcB/nEzxVGmLbDWY5pfWTLqBcC2KZ6jyYvM4mQ=
golang.org/x/xerrors v0.0.0-20191204190536-9bdfabe68543/go.mod h1:I/5z698sn9Ka8TeJc9MKroUUfqBBauWjQqLJ2OPfmY0=
golang.org/x/xerrors v0.0.0-20200804184101-5ec99f83aff1 h1:go1bK/D/BFZV2I8cIQd1NKEZ+0owSTG1fDTci4IqFcE=
golang.org/x/xerrors v0.0.0-20200804184101-5ec99f83aff1/go.mod h1:I/5z698sn9Ka8TeJc9MKroUUfqBBauWjQqLJ2OPfmY0=
gopkg.in/check.v1 v0.0.0-20161208181325-20d25e280405/go.mod h1:Co6ibVJAznAaIkqp8huTwlJQCZ016jof/cbN4VW5Yz0=
gopkg.in/check.v1 v1.0.0-20190902080502-41f04d3bba15 h1:YR8cESwS4TdDjEe65xsg0ogRM/Nc3DYOhEAlW+xobZo=
gopkg.in/check.v1 v1.0.0-20190902080502-41f04d3bba15/go.mod h1:Co6ibVJAznAaIkqp8huTwlJQCZ016jof/cbN4VW5Yz0=
gopkg.in/yaml.v2 v2.2.8 h1:obN1ZagJSUGI0Ek/LBmuj4SNLPfIny3KsKFopxRdj10=
gopkg.in/yaml.v2 v2.2.8/go.mod h1:hI93XBmqTisBFMUTm0b8Fm+jr3Dg1NNxqwp+5A1VGuI=
gopkg.in/yaml.v3 v3.0.0-20200313102051-9f266ea9e77c/go.mod h1:K4uyk7z7BCEPqu6E+C64Yfv1cQ7kz7rIZviUmN+EgEM=
gopkg.in/yaml.v3 v3.0.0-20200605160147-a5ece683394c h1:grhR+C34yXImVGp7EzNk+DTIk+323eIUWOmEevy6bDo=
gopkg.in/yaml.v3 v3.0.0-20200605160147-a5ece683394c/go.mod h1:K4uyk7z7BCEPqu6E+C64Yfv1cQ7kz7rIZviUmN+EgEM=
